
Microsoft Visual Studio Solution File, Format Version 12.00
# Visual Studio 14
VisualStudioVersion = 14.0.25420.1
MinimumVisualStudioVersion = 10.0.40219.1
Project("{FAE04EC0-301F-11D3-BF4B-00C04F79EFBC}") = "Parkheesung.Domain", "Parkheesung.Domain\Parkheesung.Domain.csproj", "{80173DD5-3BDE-4F8C-8675-A5E841684723}"
EndProject
Project("{FAE04EC0-301F-11D3-BF4B-00C04F79EFBC}") = "Parkheesung.WebUI", "Parkheesung.WebUI\Parkheesung.WebUI.csproj", "{1A4D272F-C5CA-432A-92D5-E5368068CBD4}"
EndProject
Project("{FAE04EC0-301F-11D3-BF4B-00C04F79EFBC}") = "Parkheesung.Tests", "Parkheesung.Tests\Parkheesung.Tests.csproj", "{5B413C46-4EC9-498F-BA96-FDE6E2FBF57A}"
EndProject
Global
	GlobalSection(SolutionConfigurationPlatforms) = preSolution
		Debug|Any CPU = Debug|Any CPU
		Release|Any CPU = Release|Any CPU
	EndGlobalSection
	GlobalSection(ProjectConfigurationPlatforms) = postSolution
		{80173DD5-3BDE-4F8C-8675-A5E841684723}.Debug|Any CPU.ActiveCfg = Debug|Any CPU
		{80173DD5-3BDE-4F8C-8675-A5E841684723}.Debug|Any CPU.Build.0 = Debug|Any CPU
		{80173DD5-3BDE-4F8C-8675-A5E841684723}.Release|Any CPU.ActiveCfg = Release|Any CPU
		{80173DD5-3BDE-4F8C-8675-A5E841684723}.Release|Any CPU.Build.0 = Release|Any CPU
		{1A4D272F-C5CA-432A-92D5-E5368068CBD4}.Debug|Any CPU.ActiveCfg = Debug|Any CPU
		{1A4D272F-C5CA-432A-92D5-E5368068CBD4}.Debug|Any CPU.Build.0 = Debug|Any CPU
		{1A4D272F-C5CA-432A-92D5-E5368068CBD4}.Release|Any CPU.ActiveCfg = Release|Any CPU
		{1A4D272F-C5CA-432A-92D5-E5368068CBD4}.Release|Any CPU.Build.0 = Release|Any CPU
		{5B413C46-4EC9-498F-BA96-FDE6E2FBF57A}.Debug|Any CPU.ActiveCfg = Debug|Any CPU
		{5B413C46-4EC9-498F-BA96-FDE6E2FBF57A}.Debug|Any CPU.Build.0 = Debug|Any CPU
		{5B413C46-4EC9-498F-BA96-FDE6E2FBF57A}.Release|Any CPU.ActiveCfg = Release|Any CPU
		{5B413C46-4EC9-498F-BA96-FDE6E2FBF57A}.Release|Any CPU.Build.0 = Release|Any CPU
	EndGlobalSection
	GlobalSection(SolutionProperties) = preSolution
		HideSolutionNode = FALSE
	EndGlobalSection
EndGlobal
